
Microsoft Visual Studio Solution File, Format Version 12.00
# Visual Studio Version 17
VisualStudioVersion = 17.7.34031.279
MinimumVisualStudioVersion = 10.0.40219.1
Project("{9A19103F-16F7-4668-BE54-9A1E7A4F7556}") = "ReflectionExamples", "ReflectionExamples\ReflectionExamples.csproj", "{1868FB9C-8464-4B41-A79E-CFF63FA57BE4}"
EndProject
Project("{9A19103F-16F7-4668-BE54-9A1E7A4F7556}") = "ReflectionExamples_I", "ReflectionExamples_I\ReflectionExamples_I.csproj", "{E943BBB2-33CB-4230-9786-EDCA31039AEF}"
EndProject
Project("{9A19103F-16F7-4668-BE54-9A1E7A4F7556}") = "Assignment-01(Practice)", "Assignment-01(Practice)\Assignment-01(Practice).csproj", "{F3884B28-6734-4E7A-826F-EC2DC2893A06}"
EndProject
Project("{9A19103F-16F7-4668-BE54-9A1E7A4F7556}") = "Singleton", "Singleton\Singleton.csproj", "{A2B0EE13-345C-46CB-B9D0-11E5673C55E0}"
EndProject
Project("{9A19103F-16F7-4668-BE54-9A1E7A4F7556}") = "Prototype", "Prototype\Prototype.csproj", "{E8CA026A-7F15-4EEE-A95B-2B9D734B1472}"
EndProject
Project("{9A19103F-16F7-4668-BE54-9A1E7A4F7556}") = "FactoryPattern", "FactoryPattern\FactoryPattern.csproj", "{48EAA350-5419-4786-9ABC-E078D6D70A68}"
EndProject
Project("{9A19103F-16F7-4668-BE54-9A1E7A4F7556}") = "AbstractFactory", "AbstractFactory\AbstractFactory.csproj", "{1ECAB7E5-82FC-4428-A9FA-4F6A13B4D4D7}"
EndProject
Project("{9A19103F-16F7-4668-BE54-9A1E7A4F7556}") = "BuilderPattern", "BuilderPattern\BuilderPattern.csproj", "{2BCF175F-FAD1-438E-AFA2-3460CF50E7F3}"
EndProject
Project("{9A19103F-16F7-4668-BE54-9A1E7A4F7556}") = "Assignment-01(Solution_Practice)", "Assignment-01(Solution_Practice)\Assignment-01(Solution_Practice).csproj", "{9BD9C67B-E6B1-4064-9F93-AB658BA54475}"
EndProject
Project("{FAE04EC0-301F-11D3-BF4B-00C04F79EFBC}") = "DependencyInjection", "DependencyInjection\DependencyInjection.csproj", "{4C0E2BC6-1E0B-4027-BD46-F6E26B6313A3}"
EndProject
Global
	GlobalSection(SolutionConfigurationPlatforms) = preSolution
		Debug|Any CPU = Debug|Any CPU
		Release|Any CPU = Release|Any CPU
	EndGlobalSection
	GlobalSection(ProjectConfigurationPlatforms) = postSolution
		{1868FB9C-8464-4B41-A79E-CFF63FA57BE4}.Debug|Any CPU.ActiveCfg = Debug|Any CPU
		{1868FB9C-8464-4B41-A79E-CFF63FA57BE4}.Debug|Any CPU.Build.0 = Debug|Any CPU
		{1868FB9C-8464-4B41-A79E-CFF63FA57BE4}.Release|Any CPU.ActiveCfg = Release|Any CPU
		{1868FB9C-8464-4B41-A79E-CFF63FA57BE4}.Release|Any CPU.Build.0 = Release|Any CPU
		{E943BBB2-33CB-4230-9786-EDCA31039AEF}.Debug|Any CPU.ActiveCfg = Debug|Any CPU
		{E943BBB2-33CB-4230-9786-EDCA31039AEF}.Debug|Any CPU.Build.0 = Debug|Any CPU
		{E943BBB2-33CB-4230-9786-EDCA31039AEF}.Release|Any CPU.ActiveCfg = Release|Any CPU
		{E943BBB2-33CB-4230-9786-EDCA31039AEF}.Release|Any CPU.Build.0 = Release|Any CPU
		{F3884B28-6734-4E7A-826F-EC2DC2893A06}.Debug|Any CPU.ActiveCfg = Debug|Any CPU
		{F3884B28-6734-4E7A-826F-EC2DC2893A06}.Debug|Any CPU.Build.0 = Debug|Any CPU
		{F3884B28-6734-4E7A-826F-EC2DC2893A06}.Release|Any CPU.ActiveCfg = Release|Any CPU
		{F3884B28-6734-4E7A-826F-EC2DC2893A06}.Release|Any CPU.Build.0 = Release|Any CPU
		{A2B0EE13-345C-46CB-B9D0-11E5673C55E0}.Debug|Any CPU.ActiveCfg = Debug|Any CPU
		{A2B0EE13-345C-46CB-B9D0-11E5673C55E0}.Debug|Any CPU.Build.0 = Debug|Any CPU
		{A2B0EE13-345C-46CB-B9D0-11E5673C55E0}.Release|Any CPU.ActiveCfg = Release|Any CPU
		{A2B0EE13-345C-46CB-B9D0-11E5673C55E0}.Release|Any CPU.Build.0 = Release|Any CPU
		{E8CA026A-7F15-4EEE-A95B-2B9D734B1472}.Debug|Any CPU.ActiveCfg = Debug|Any CPU
		{E8CA026A-7F15-4EEE-A95B-2B9D734B1472}.Debug|Any CPU.Build.0 = Debug|Any CPU
		{E8CA026A-7F15-4EEE-A95B-2B9D734B1472}.Release|Any CPU.ActiveCfg = Release|Any CPU
		{E8CA026A-7F15-4EEE-A95B-2B9D734B1472}.Release|Any CPU.Build.0 = Release|Any CPU
		{48EAA350-5419-4786-9ABC-E078D6D70A68}.Debug|Any CPU.ActiveCfg = Debug|Any CPU
		{48EAA350-5419-4786-9ABC-E078D6D70A68}.Debug|Any CPU.Build.0 = Debug|Any CPU
		{48EAA350-5419-4786-9ABC-E078D6D70A68}.Release|Any CPU.ActiveCfg = Release|Any CPU
		{48EAA350-5419-4786-9ABC-E078D6D70A68}.Release|Any CPU.Build.0 = Release|Any CPU
		{1ECAB7E5-82FC-4428-A9FA-4F6A13B4D4D7}.Debug|Any CPU.ActiveCfg = Debug|Any CPU
		{1ECAB7E5-82FC-4428-A9FA-4F6A13B4D4D7}.Debug|Any CPU.Build.0 = Debug|Any CPU
		{1ECAB7E5-82FC-4428-A9FA-4F6A13B4D4D7}.Release|Any CPU.ActiveCfg = Release|Any CPU
		{1ECAB7E5-82FC-4428-A9FA-4F6A13B4D4D7}.Release|Any CPU.Build.0 = Release|Any CPU
		{2BCF175F-FAD1-438E-AFA2-3460CF50E7F3}.Debug|Any CPU.ActiveCfg = Debug|Any CPU
		{2BCF175F-FAD1-438E-AFA2-3460CF50E7F3}.Debug|Any CPU.Build.0 = Debug|Any CPU
		{2BCF175F-FAD1-438E-AFA2-3460CF50E7F3}.Release|Any CPU.ActiveCfg = Release|Any CPU
		{2BCF175F-FAD1-438E-AFA2-3460CF50E7F3}.Release|Any CPU.Build.0 = Release|Any CPU
		{9BD9C67B-E6B1-4064-9F93-AB658BA54475}.Debug|Any CPU.ActiveCfg = Debug|Any CPU
		{9BD9C67B-E6B1-4064-9F93-AB658BA54475}.Debug|Any CPU.Build.0 = Debug|Any CPU
		{9BD9C67B-E6B1-4064-9F93-AB658BA54475}.Release|Any CPU.ActiveCfg = Release|Any CPU
		{9BD9C67B-E6B1-4064-9F93-AB658BA54475}.Release|Any CPU.Build.0 = Release|Any CPU
		{4C0E2BC6-1E0B-4027-BD46-F6E26B6313A3}.Debug|Any CPU.ActiveCfg = Debug|Any CPU
		{4C0E2BC6-1E0B-4027-BD46-F6E26B6313A3}.Debug|Any CPU.Build.0 = Debug|Any CPU
		{4C0E2BC6-1E0B-4027-BD46-F6E26B6313A3}.Release|Any CPU.ActiveCfg = Release|Any CPU
		{4C0E2BC6-1E0B-4027-BD46-F6E26B6313A3}.Release|Any CPU.Build.0 = Release|Any CPU
	EndGlobalSection
	GlobalSection(SolutionProperties) = preSolution
		HideSolutionNode = FALSE
	EndGlobalSection
	GlobalSection(ExtensibilityGlobals) = postSolution
		SolutionGuid = {731B99D0-3346-4022-A663-F5BFBB328EBE}
	EndGlobalSection
EndGlobal
