
Microsoft Visual Studio Solution File, Format Version 12.00
# Visual Studio Version 17
VisualStudioVersion = 17.5.33627.172
MinimumVisualStudioVersion = 10.0.40219.1
Project("{9A19103F-16F7-4668-BE54-9A1E7A4F7556}") = "cshap_implementation_I", "cshap_implementation_I\cshap_implementation_I.csproj", "{D24B1C87-F9EF-4DEA-AE26-B27CBAB217D6}"
EndProject
Project("{9A19103F-16F7-4668-BE54-9A1E7A4F7556}") = "Arrays", "Arrays\Arrays.csproj", "{B46A7135-E8B2-4E42-B416-6938BCC7632E}"
EndProject
Project("{9A19103F-16F7-4668-BE54-9A1E7A4F7556}") = "InputOutput", "InputOutput\InputOutput.csproj", "{87F233F1-5F25-4DBD-9533-14781E22E114}"
EndProject
Project("{9A19103F-16F7-4668-BE54-9A1E7A4F7556}") = "ControlStatements", "ControlStatements\ControlStatements.csproj", "{5F7F1450-2917-4472-8D5B-B7854B1B3EBA}"
EndProject
Project("{9A19103F-16F7-4668-BE54-9A1E7A4F7556}") = "OOP_Concepts", "OOP_Concepts\OOP_Concepts.csproj", "{52A6E610-7F37-44BF-BC5E-5A654BE60F77}"
EndProject
Project("{9A19103F-16F7-4668-BE54-9A1E7A4F7556}") = "OOP_Practices", "OOP_Practices\OOP_Practices.csproj", "{30421476-B828-45C9-8D6C-DEE00B8BC20F}"
EndProject
Project("{9A19103F-16F7-4668-BE54-9A1E7A4F7556}") = "Interfaces", "Interfaces\Interfaces.csproj", "{0464F69B-2F0E-4662-94BC-89E790690B2D}"
EndProject
Project("{9A19103F-16F7-4668-BE54-9A1E7A4F7556}") = "InterfacePractices", "InterfacePractices\InterfacePractices.csproj", "{8D33B21E-E580-4E80-BF59-DDCA53F5D879}"
EndProject
Project("{9A19103F-16F7-4668-BE54-9A1E7A4F7556}") = "OOP_Implementation_I", "OOP_Implementation_I\OOP_Implementation_I.csproj", "{802A1B13-AC69-4CCC-8AC9-10359466C586}"
EndProject
Project("{9A19103F-16F7-4668-BE54-9A1E7A4F7556}") = "Exam-01_Practices", "Exam-01_Practices\Exam-01_Practices.csproj", "{71F5CEAD-C9A4-4A00-B423-2644AB6085B7}"
EndProject
Project("{9A19103F-16F7-4668-BE54-9A1E7A4F7556}") = "PracticesForExam-1", "PracticesForExam-1\PracticesForExam-1.csproj", "{185C8EE4-B42A-41CC-BEF5-04B82B46CE41}"
EndProject
Project("{9A19103F-16F7-4668-BE54-9A1E7A4F7556}") = "Interface_Practices", "Interface_Practices\Interface_Practices.csproj", "{18A50884-0A88-41E5-A63E-D9FAD400D705}"
EndProject
Project("{9A19103F-16F7-4668-BE54-9A1E7A4F7556}") = "Generics_Practices", "Generics_Practices\Generics_Practices.csproj", "{463ECB1A-0835-40CC-86C3-6DA97B59DB4E}"
EndProject
Project("{FAE04EC0-301F-11D3-BF4B-00C04F79EFBC}") = "Structure", "Structure\Structure.csproj", "{5CE19295-081D-4F1C-93CF-7E6F31369402}"
EndProject
Project("{FAE04EC0-301F-11D3-BF4B-00C04F79EFBC}") = "Enums", "Enums\Enums.csproj", "{A7598DDB-3368-4B9D-9458-CD8C81584ADA}"
EndProject
Project("{FAE04EC0-301F-11D3-BF4B-00C04F79EFBC}") = "StringBuilder", "StringBuilder\StringBuilder.csproj", "{05879AB5-C7BF-4824-B4AB-DF1DD49ECBC1}"
EndProject
Project("{FAE04EC0-301F-11D3-BF4B-00C04F79EFBC}") = "ParameterModifier", "ParameterModifier\ParameterModifier.csproj", "{4DB33190-5646-4C7C-BE5A-3D284E9632ED}"
EndProject
Global
	GlobalSection(SolutionConfigurationPlatforms) = preSolution
		Debug|Any CPU = Debug|Any CPU
		Release|Any CPU = Release|Any CPU
	EndGlobalSection
	GlobalSection(ProjectConfigurationPlatforms) = postSolution
		{D24B1C87-F9EF-4DEA-AE26-B27CBAB217D6}.Debug|Any CPU.ActiveCfg = Debug|Any CPU
		{D24B1C87-F9EF-4DEA-AE26-B27CBAB217D6}.Debug|Any CPU.Build.0 = Debug|Any CPU
		{D24B1C87-F9EF-4DEA-AE26-B27CBAB217D6}.Release|Any CPU.ActiveCfg = Release|Any CPU
		{D24B1C87-F9EF-4DEA-AE26-B27CBAB217D6}.Release|Any CPU.Build.0 = Release|Any CPU
		{B46A7135-E8B2-4E42-B416-6938BCC7632E}.Debug|Any CPU.ActiveCfg = Debug|Any CPU
		{B46A7135-E8B2-4E42-B416-6938BCC7632E}.Debug|Any CPU.Build.0 = Debug|Any CPU
		{B46A7135-E8B2-4E42-B416-6938BCC7632E}.Release|Any CPU.ActiveCfg = Release|Any CPU
		{B46A7135-E8B2-4E42-B416-6938BCC7632E}.Release|Any CPU.Build.0 = Release|Any CPU
		{87F233F1-5F25-4DBD-9533-14781E22E114}.Debug|Any CPU.ActiveCfg = Debug|Any CPU
		{87F233F1-5F25-4DBD-9533-14781E22E114}.Debug|Any CPU.Build.0 = Debug|Any CPU
		{87F233F1-5F25-4DBD-9533-14781E22E114}.Release|Any CPU.ActiveCfg = Release|Any CPU
		{87F233F1-5F25-4DBD-9533-14781E22E114}.Release|Any CPU.Build.0 = Release|Any CPU
		{5F7F1450-2917-4472-8D5B-B7854B1B3EBA}.Debug|Any CPU.ActiveCfg = Debug|Any CPU
		{5F7F1450-2917-4472-8D5B-B7854B1B3EBA}.Debug|Any CPU.Build.0 = Debug|Any CPU
		{5F7F1450-2917-4472-8D5B-B7854B1B3EBA}.Release|Any CPU.ActiveCfg = Release|Any CPU
		{5F7F1450-2917-4472-8D5B-B7854B1B3EBA}.Release|Any CPU.Build.0 = Release|Any CPU
		{52A6E610-7F37-44BF-BC5E-5A654BE60F77}.Debug|Any CPU.ActiveCfg = Debug|Any CPU
		{52A6E610-7F37-44BF-BC5E-5A654BE60F77}.Debug|Any CPU.Build.0 = Debug|Any CPU
		{52A6E610-7F37-44BF-BC5E-5A654BE60F77}.Release|Any CPU.ActiveCfg = Release|Any CPU
		{52A6E610-7F37-44BF-BC5E-5A654BE60F77}.Release|Any CPU.Build.0 = Release|Any CPU
		{30421476-B828-45C9-8D6C-DEE00B8BC20F}.Debug|Any CPU.ActiveCfg = Debug|Any CPU
		{30421476-B828-45C9-8D6C-DEE00B8BC20F}.Debug|Any CPU.Build.0 = Debug|Any CPU
		{30421476-B828-45C9-8D6C-DEE00B8BC20F}.Release|Any CPU.ActiveCfg = Release|Any CPU
		{30421476-B828-45C9-8D6C-DEE00B8BC20F}.Release|Any CPU.Build.0 = Release|Any CPU
		{0464F69B-2F0E-4662-94BC-89E790690B2D}.Debug|Any CPU.ActiveCfg = Debug|Any CPU
		{0464F69B-2F0E-4662-94BC-89E790690B2D}.Debug|Any CPU.Build.0 = Debug|Any CPU
		{0464F69B-2F0E-4662-94BC-89E790690B2D}.Release|Any CPU.ActiveCfg = Release|Any CPU
		{0464F69B-2F0E-4662-94BC-89E790690B2D}.Release|Any CPU.Build.0 = Release|Any CPU
		{8D33B21E-E580-4E80-BF59-DDCA53F5D879}.Debug|Any CPU.ActiveCfg = Debug|Any CPU
		{8D33B21E-E580-4E80-BF59-DDCA53F5D879}.Debug|Any CPU.Build.0 = Debug|Any CPU
		{8D33B21E-E580-4E80-BF59-DDCA53F5D879}.Release|Any CPU.ActiveCfg = Release|Any CPU
		{8D33B21E-E580-4E80-BF59-DDCA53F5D879}.Release|Any CPU.Build.0 = Release|Any CPU
		{802A1B13-AC69-4CCC-8AC9-10359466C586}.Debug|Any CPU.ActiveCfg = Debug|Any CPU
		{802A1B13-AC69-4CCC-8AC9-10359466C586}.Debug|Any CPU.Build.0 = Debug|Any CPU
		{802A1B13-AC69-4CCC-8AC9-10359466C586}.Release|Any CPU.ActiveCfg = Release|Any CPU
		{802A1B13-AC69-4CCC-8AC9-10359466C586}.Release|Any CPU.Build.0 = Release|Any CPU
		{71F5CEAD-C9A4-4A00-B423-2644AB6085B7}.Debug|Any CPU.ActiveCfg = Debug|Any CPU
		{71F5CEAD-C9A4-4A00-B423-2644AB6085B7}.Debug|Any CPU.Build.0 = Debug|Any CPU
		{71F5CEAD-C9A4-4A00-B423-2644AB6085B7}.Release|Any CPU.ActiveCfg = Release|Any CPU
		{71F5CEAD-C9A4-4A00-B423-2644AB6085B7}.Release|Any CPU.Build.0 = Release|Any CPU
		{185C8EE4-B42A-41CC-BEF5-04B82B46CE41}.Debug|Any CPU.ActiveCfg = Debug|Any CPU
		{185C8EE4-B42A-41CC-BEF5-04B82B46CE41}.Debug|Any CPU.Build.0 = Debug|Any CPU
		{185C8EE4-B42A-41CC-BEF5-04B82B46CE41}.Release|Any CPU.ActiveCfg = Release|Any CPU
		{185C8EE4-B42A-41CC-BEF5-04B82B46CE41}.Release|Any CPU.Build.0 = Release|Any CPU
		{18A50884-0A88-41E5-A63E-D9FAD400D705}.Debug|Any CPU.ActiveCfg = Debug|Any CPU
		{18A50884-0A88-41E5-A63E-D9FAD400D705}.Debug|Any CPU.Build.0 = Debug|Any CPU
		{18A50884-0A88-41E5-A63E-D9FAD400D705}.Release|Any CPU.ActiveCfg = Release|Any CPU
		{18A50884-0A88-41E5-A63E-D9FAD400D705}.Release|Any CPU.Build.0 = Release|Any CPU
		{463ECB1A-0835-40CC-86C3-6DA97B59DB4E}.Debug|Any CPU.ActiveCfg = Debug|Any CPU
		{463ECB1A-0835-40CC-86C3-6DA97B59DB4E}.Debug|Any CPU.Build.0 = Debug|Any CPU
		{463ECB1A-0835-40CC-86C3-6DA97B59DB4E}.Release|Any CPU.ActiveCfg = Release|Any CPU
		{463ECB1A-0835-40CC-86C3-6DA97B59DB4E}.Release|Any CPU.Build.0 = Release|Any CPU
		{5CE19295-081D-4F1C-93CF-7E6F31369402}.Debug|Any CPU.ActiveCfg = Debug|Any CPU
		{5CE19295-081D-4F1C-93CF-7E6F31369402}.Debug|Any CPU.Build.0 = Debug|Any CPU
		{5CE19295-081D-4F1C-93CF-7E6F31369402}.Release|Any CPU.ActiveCfg = Release|Any CPU
		{5CE19295-081D-4F1C-93CF-7E6F31369402}.Release|Any CPU.Build.0 = Release|Any CPU
		{A7598DDB-3368-4B9D-9458-CD8C81584ADA}.Debug|Any CPU.ActiveCfg = Debug|Any CPU
		{A7598DDB-3368-4B9D-9458-CD8C81584ADA}.Debug|Any CPU.Build.0 = Debug|Any CPU
		{A7598DDB-3368-4B9D-9458-CD8C81584ADA}.Release|Any CPU.ActiveCfg = Release|Any CPU
		{A7598DDB-3368-4B9D-9458-CD8C81584ADA}.Release|Any CPU.Build.0 = Release|Any CPU
		{05879AB5-C7BF-4824-B4AB-DF1DD49ECBC1}.Debug|Any CPU.ActiveCfg = Debug|Any CPU
		{05879AB5-C7BF-4824-B4AB-DF1DD49ECBC1}.Debug|Any CPU.Build.0 = Debug|Any CPU
		{05879AB5-C7BF-4824-B4AB-DF1DD49ECBC1}.Release|Any CPU.ActiveCfg = Release|Any CPU
		{05879AB5-C7BF-4824-B4AB-DF1DD49ECBC1}.Release|Any CPU.Build.0 = Release|Any CPU
		{4DB33190-5646-4C7C-BE5A-3D284E9632ED}.Debug|Any CPU.ActiveCfg = Debug|Any CPU
		{4DB33190-5646-4C7C-BE5A-3D284E9632ED}.Debug|Any CPU.Build.0 = Debug|Any CPU
		{4DB33190-5646-4C7C-BE5A-3D284E9632ED}.Release|Any CPU.ActiveCfg = Release|Any CPU
		{4DB33190-5646-4C7C-BE5A-3D284E9632ED}.Release|Any CPU.Build.0 = Release|Any CPU
	EndGlobalSection
	GlobalSection(SolutionProperties) = preSolution
		HideSolutionNode = FALSE
	EndGlobalSection
	GlobalSection(ExtensibilityGlobals) = postSolution
		SolutionGuid = {0D48E2E2-7FBC-4011-B204-BD89334D5311}
	EndGlobalSection
EndGlobal
